
Microsoft Visual Studio Solution File, Format Version 12.00
# Visual Studio Version 17
VisualStudioVersion = 17.7.34003.232
MinimumVisualStudioVersion = 10.0.40219.1
Project("{FAE04EC0-301F-11D3-BF4B-00C04F79EFBC}") = "ConsoleApp2", "ConsoleApp2\ConsoleApp2.csproj", "{A6D0F61A-30B7-4872-B5CF-AA5F54EFC212}"
EndProject
Global
	GlobalSection(SolutionConfigurationPlatforms) = preSolution
		Debug|Any CPU = Debug|Any CPU
		Release|Any CPU = Release|Any CPU
	EndGlobalSection
	GlobalSection(ProjectConfigurationPlatforms) = postSolution
		{A6D0F61A-30B7-4872-B5CF-AA5F54EFC212}.Debug|Any CPU.ActiveCfg = Debug|Any CPU
		{A6D0F61A-30B7-4872-B5CF-AA5F54EFC212}.Debug|Any CPU.Build.0 = Debug|Any CPU
		{A6D0F61A-30B7-4872-B5CF-AA5F54EFC212}.Release|Any CPU.ActiveCfg = Release|Any CPU
		{A6D0F61A-30B7-4872-B5CF-AA5F54EFC212}.Release|Any CPU.Build.0 = Release|Any CPU
	EndGlobalSection
	GlobalSection(SolutionProperties) = preSolution
		HideSolutionNode = FALSE
	EndGlobalSection
	GlobalSection(ExtensibilityGlobals) = postSolution
		SolutionGuid = {FF8734B2-28D7-450A-91CE-68BBA2519A55}
	EndGlobalSection
EndGlobal
